
Microsoft Visual Studio Solution File, Format Version 12.00
# Visual Studio Version 16
VisualStudioVersion = 16.0.30413.136
MinimumVisualStudioVersion = 10.0.40219.1
Project("{9A19103F-16F7-4668-BE54-9A1E7A4F7556}") = "ParkingLotApp", "ParkingLotApp\ParkingLotApp.csproj", "{B2ABA6B1-B489-4F52-937E-233A16CF4904}"
EndProject
Global
	GlobalSection(SolutionConfigurationPlatforms) = preSolution
		Debug|Any CPU = Debug|Any CPU
		Release|Any CPU = Release|Any CPU
	EndGlobalSection
	GlobalSection(ProjectConfigurationPlatforms) = postSolution
		{B2ABA6B1-B489-4F52-937E-233A16CF4904}.Debug|Any CPU.ActiveCfg = Debug|Any CPU
		{B2ABA6B1-B489-4F52-937E-233A16CF4904}.Debug|Any CPU.Build.0 = Debug|Any CPU
		{B2ABA6B1-B489-4F52-937E-233A16CF4904}.Release|Any CPU.ActiveCfg = Release|Any CPU
		{B2ABA6B1-B489-4F52-937E-233A16CF4904}.Release|Any CPU.Build.0 = Release|Any CPU
	EndGlobalSection
	GlobalSection(SolutionProperties) = preSolution
		HideSolutionNode = FALSE
	EndGlobalSection
	GlobalSection(ExtensibilityGlobals) = postSolution
		SolutionGuid = {E02EB794-44FF-41E3-837F-AA09482765DB}
	EndGlobalSection
EndGlobal
